
Microsoft Visual Studio Solution File, Format Version 12.00
# Visual Studio Version 17
VisualStudioVersion = 17.10.35013.160
MinimumVisualStudioVersion = 10.0.40219.1
Project("{FAE04EC0-301F-11D3-BF4B-00C04F79EFBC}") = "Drivers.API", "Drivers.API\Drivers.API.csproj", "{FE24DA1C-90C1-4D89-B2D7-DE532EB0399A}"
EndProject
Global
	GlobalSection(SolutionConfigurationPlatforms) = preSolution
		Debug|Any CPU = Debug|Any CPU
		Release|Any CPU = Release|Any CPU
	EndGlobalSection
	GlobalSection(ProjectConfigurationPlatforms) = postSolution
		{FE24DA1C-90C1-4D89-B2D7-DE532EB0399A}.Debug|Any CPU.ActiveCfg = Debug|Any CPU
		{FE24DA1C-90C1-4D89-B2D7-DE532EB0399A}.Debug|Any CPU.Build.0 = Debug|Any CPU
		{FE24DA1C-90C1-4D89-B2D7-DE532EB0399A}.Release|Any CPU.ActiveCfg = Release|Any CPU
		{FE24DA1C-90C1-4D89-B2D7-DE532EB0399A}.Release|Any CPU.Build.0 = Release|Any CPU
	EndGlobalSection
	GlobalSection(SolutionProperties) = preSolution
		HideSolutionNode = FALSE
	EndGlobalSection
	GlobalSection(ExtensibilityGlobals) = postSolution
		SolutionGuid = {872CC3E7-29F5-4530-A10E-0FF2ABB3D013}
	EndGlobalSection
EndGlobal
